// !$*UTF8*$!
{
	archiveVersion = 1;
	classes = {
	};
	objectVersion = 46;
	objects = {

/* Begin PBXBuildFile section */
		4B264C7A1AA33C9200875298 /* CoreFoundation.framework in Frameworks */ = {isa = PBXBuildFile; fileRef = 4B264C791AA33C9200875298 /* CoreFoundation.framework */; };
		4B264C811AA33C9200875298 /* myProjet.h in Headers */ = {isa = PBXBuildFile; fileRef = 4B264C801AA33C9200875298 /* myProjet.h */; };
		4B264C831AA33C9200875298 /* myProjetPriv.h in Headers */ = {isa = PBXBuildFile; fileRef = 4B264C821AA33C9200875298 /* myProjetPriv.h */; };
		4B264C851AA33C9200875298 /* myProjet.cp in Sources */ = {isa = PBXBuildFile; fileRef = 4B264C841AA33C9200875298 /* myProjet.cp */; };
/* End PBXBuildFile section */

/* Begin PBXFileReference section */
		4B264C761AA33C9200875298 /* myProjet.bundle */ = {isa = PBXFileReference; explicitFileType = wrapper.cfbundle; includeInIndex = 0; path = myProjet.bundle; sourceTree = BUILT_PRODUCTS_DIR; };
		4B264C791AA33C9200875298 /* CoreFoundation.framework */ = {isa = PBXFileReference; lastKnownFileType = wrapper.framework; name = CoreFoundation.framework; path = System/Library/Frameworks/CoreFoundation.framework; sourceTree = SDKROOT; };
		4B264C7D1AA33C9200875298 /* Info.plist */ = {isa = PBXFileReference; lastKnownFileType = text.plist.xml; path = Info.plist; sourceTree = "<group>"; };
		4B264C7E1AA33C9200875298 /* myProjetProj.xcconfig */ = {isa = PBXFileReference; lastKnownFileType = text.xcconfig; path = myProjetProj.xcconfig; sourceTree = "<group>"; };
		4B264C7F1AA33C9200875298 /* myProjetTarget.xcconfig */ = {isa = PBXFileReference; lastKnownFileType = text.xcconfig; path = myProjetTarget.xcconfig; sourceTree = "<group>"; };
		4B264C801AA33C9200875298 /* myProjet.h */ = {isa = PBXFileReference; lastKnownFileType = sourcecode.c.h; path = myProjet.h; sourceTree = "<group>"; };
		4B264C821AA33C9200875298 /* myProjetPriv.h */ = {isa = PBXFileReference; lastKnownFileType = sourcecode.c.h; path = myProjetPriv.h; sourceTree = "<group>"; };
		4B264C841AA33C9200875298 /* myProjet.cp */ = {isa = PBXFileReference; lastKnownFileType = sourcecode.cpp.cpp; path = myProjet.cp; sourceTree = "<group>"; };
/* End PBXFileReference section */

/* Begin PBXFrameworksBuildPhase section */
		4B264C731AA33C9200875298 /* Frameworks */ = {
			isa = PBXFrameworksBuildPhase;
			buildActionMask = 2147483647;
			files = (
				4B264C7A1AA33C9200875298 /* CoreFoundation.framework in Frameworks */,
			);
			runOnlyForDeploymentPostprocessing = 0;
		};
/* End PBXFrameworksBuildPhase section */

/* Begin PBXGroup section */
		4B264C6D1AA33C9200875298 = {
			isa = PBXGroup;
			children = (
				4B264C7B1AA33C9200875298 /* myProjet */,
				4B264C781AA33C9200875298 /* Frameworks */,
				4B264C771AA33C9200875298 /* Products */,
			);
			sourceTree = "<group>";
		};
		4B264C771AA33C9200875298 /* Products */ = {
			isa = PBXGroup;
			children = (
				4B264C761AA33C9200875298 /* myProjet.bundle */,
			);
			name = Products;
			sourceTree = "<group>";
		};
		4B264C781AA33C9200875298 /* Frameworks */ = {
			isa = PBXGroup;
			children = (
				4B264C791AA33C9200875298 /* CoreFoundation.framework */,
			);
			name = Frameworks;
			sourceTree = "<group>";
		};
		4B264C7B1AA33C9200875298 /* myProjet */ = {
			isa = PBXGroup;
			children = (
				4B264C7E1AA33C9200875298 /* myProjetProj.xcconfig */,
				4B264C7F1AA33C9200875298 /* myProjetTarget.xcconfig */,
				4B264C801AA33C9200875298 /* myProjet.h */,
				4B264C821AA33C9200875298 /* myProjetPriv.h */,
				4B264C841AA33C9200875298 /* myProjet.cp */,
				4B264C7C1AA33C9200875298 /* Supporting Files */,
			);
			path = myProjet;
			sourceTree = "<group>";
		};
		4B264C7C1AA33C9200875298 /* Supporting Files */ = {
			isa = PBXGroup;
			children = (
				4B264C7D1AA33C9200875298 /* Info.plist */,
			);
			name = "Supporting Files";
			sourceTree = "<group>";
		};
/* End PBXGroup section */

/* Begin PBXHeadersBuildPhase section */
		4B264C741AA33C9200875298 /* Headers */ = {
			isa = PBXHeadersBuildPhase;
			buildActionMask = 2147483647;
			files = (
				4B264C811AA33C9200875298 /* myProjet.h in Headers */,
				4B264C831AA33C9200875298 /* myProjetPriv.h in Headers */,
			);
			runOnlyForDeploymentPostprocessing = 0;
		};
/* End PBXHeadersBuildPhase section */

/* Begin PBXNativeTarget section */
		4B264C751AA33C9200875298 /* myProjet */ = {
			isa = PBXNativeTarget;
			buildConfigurationList = 4B264C881AA33C9200875298 /* Build configuration list for PBXNativeTarget "myProjet" */;
			buildPhases = (
				4B264C721AA33C9200875298 /* Sources */,
				4B264C731AA33C9200875298 /* Frameworks */,
				4B264C741AA33C9200875298 /* Headers */,
			);
			buildRules = (
			);
			dependencies = (
			);
			name = myProjet;
			productName = myProjet;
			productReference = 4B264C761AA33C9200875298 /* myProjet.bundle */;
			productType = "com.apple.product-type.bundle";
		};
/* End PBXNativeTarget section */

/* Begin PBXProject section */
		4B264C6E1AA33C9200875298 /* Project object */ = {
			isa = PBXProject;
			attributes = {
				LastUpgradeCheck = 0630;
				ORGANIZATIONNAME = "Garry Rudman";
				TargetAttributes = {
					4B264C751AA33C9200875298 = {
						CreatedOnToolsVersion = 6.3;
					};
				};
			};
			buildConfigurationList = 4B264C711AA33C9200875298 /* Build configuration list for PBXProject "myProjet" */;
			compatibilityVersion = "Xcode 3.2";
			developmentRegion = English;
			hasScannedForEncodings = 0;
			knownRegions = (
				en,
			);
			mainGroup = 4B264C6D1AA33C9200875298;
			productRefGroup = 4B264C771AA33C9200875298 /* Products */;
			projectDirPath = "";
			projectRoot = "";
			targets = (
				4B264C751AA33C9200875298 /* myProjet */,
			);
		};
/* End PBXProject section */

/* Begin PBXSourcesBuildPhase section */
		4B264C721AA33C9200875298 /* Sources */ = {
			isa = PBXSourcesBuildPhase;
			buildActionMask = 2147483647;
			files = (
				4B264C851AA33C9200875298 /* myProjet.cp in Sources */,
			);
			runOnlyForDeploymentPostprocessing = 0;
		};
/* End PBXSourcesBuildPhase section */

/* Begin XCBuildConfiguration section */
		4B264C861AA33C9200875298 /* Debug */ = {
			isa = XCBuildConfiguration;
			buildSettings = {
				ALWAYS_SEARCH_USER_PATHS = NO;
				CLANG_CXX_LANGUAGE_STANDARD = "gnu++0x";
				CLANG_CXX_LIBRARY = "libc++";
				CLANG_ENABLE_MODULES = YES;
				CLANG_ENABLE_OBJC_ARC = YES;
				CLANG_WARN_BOOL_CONVERSION = YES;
				CLANG_WARN_CONSTANT_CONVERSION = YES;
				CLANG_WARN_DIRECT_OBJC_ISA_USAGE = YES_ERROR;
				CLANG_WARN_EMPTY_BODY = YES;
				CLANG_WARN_ENUM_CONVERSION = YES;
				CLANG_WARN_INT_CONVERSION = YES;
				CLANG_WARN_OBJC_ROOT_CLASS = YES_ERROR;
				CLANG_WARN_UNREACHABLE_CODE = YES;
				CLANG_WARN__DUPLICATE_METHOD_MATCH = YES;
				COPY_PHASE_STRIP = NO;
				DEBUG_INFORMATION_FORMAT = dwarf;
				ENABLE_STRICT_OBJC_MSGSEND = YES;
				GCC_C_LANGUAGE_STANDARD = gnu99;
				GCC_DYNAMIC_NO_PIC = NO;
				GCC_NO_COMMON_BLOCKS = YES;
				GCC_OPTIMIZATION_LEVEL = 0;
				GCC_PREPROCESSOR_DEFINITIONS = (
					"DEBUG=1",
					"$(inherited)",
				);
				GCC_SYMBOLS_PRIVATE_EXTERN = NO;
				GCC_WARN_64_TO_32_BIT_CONVERSION = YES;
				GCC_WARN_ABOUT_RETURN_TYPE = YES_ERROR;
				GCC_WARN_UNDECLARED_SELECTOR = YES;
				GCC_WARN_UNINITIALIZED_AUTOS = YES_AGGRESSIVE;
				GCC_WARN_UNUSED_FUNCTION = YES;
				GCC_WARN_UNUSED_VARIABLE = YES;
				MACOSX_DEPLOYMENT_TARGET = 10.10;
				MTL_ENABLE_DEBUG_INFO = YES;
				ONLY_ACTIVE_ARCH = YES;
				SDKROOT = macosx;
			};
			name = Debug;
		};
		4B264C871AA33C9200875298 /* Release */ = {
			isa = XCBuildConfiguration;
			buildSettings = {
				ALWAYS_SEARCH_USER_PATHS = NO;
				CLANG_CXX_LANGUAGE_STANDARD = "gnu++0x";
				CLANG_CXX_LIBRARY = "libc++";
				CLANG_ENABLE_MODULES = YES;
				CLANG_ENABLE_OBJC_ARC = YES;
				CLANG_WARN_BOOL_CONVERSION = YES;
				CLANG_WARN_CONSTANT_CONVERSION = YES;
				CLANG_WARN_DIRECT_OBJC_ISA_USAGE = YES_ERROR;
				CLANG_WARN_EMPTY_BODY = YES;
				CLANG_WARN_ENUM_CONVERSION = YES;
				CLANG_WARN_INT_CONVERSION = YES;
				CLANG_WARN_OBJC_ROOT_CLASS = YES_ERROR;
				CLANG_WARN_UNREACHABLE_CODE = YES;
				CLANG_WARN__DUPLICATE_METHOD_MATCH = YES;
				COPY_PHASE_STRIP = NO;
				DEBUG_INFORMATION_FORMAT = "dwarf-with-dsym";
				ENABLE_NS_ASSERTIONS = NO;
				ENABLE_STRICT_OBJC_MSGSEND = YES;
				GCC_C_LANGUAGE_STANDARD = gnu99;
				GCC_NO_COMMON_BLOCKS = YES;
				GCC_WARN_64_TO_32_BIT_CONVERSION = YES;
				GCC_WARN_ABOUT_RETURN_TYPE = YES_ERROR;
				GCC_WARN_UNDECLARED_SELECTOR = YES;
				GCC_WARN_UNINITIALIZED_AUTOS = YES_AGGRESSIVE;
				GCC_WARN_UNUSED_FUNCTION = YES;
				GCC_WARN_UNUSED_VARIABLE = YES;
				MACOSX_DEPLOYMENT_TARGET = 10.10;
				MTL_ENABLE_DEBUG_INFO = NO;
				SDKROOT = macosx;
			};
			name = Release;
		};
		4B264C891AA33C9200875298 /* Debug */ = {
			isa = XCBuildConfiguration;
			buildSettings = {
				COMBINE_HIDPI_IMAGES = YES;
				INFOPLIST_FILE = myProjet/Info.plist;
				PRODUCT_NAME = "$(TARGET_NAME)";
			};
			name = Debug;
		};
		4B264C8A1AA33C9200875298 /* Release */ = {
			isa = XCBuildConfiguration;
			buildSettings = {
				COMBINE_HIDPI_IMAGES = YES;
				INFOPLIST_FILE = myProjet/Info.plist;
				PRODUCT_NAME = "$(TARGET_NAME)";
			};
			name = Release;
		};
/* End XCBuildConfiguration section */

/* Begin XCConfigurationList section */
		4B264C711AA33C9200875298 /* Build configuration list for PBXProject "myProjet" */ = {
			isa = XCConfigurationList;
			buildConfigurations = (
				4B264C861AA33C9200875298 /* Debug */,
				4B264C871AA33C9200875298 /* Release */,
			);
			defaultConfigurationIsVisible = 0;
			defaultConfigurationName = Release;
		};
		4B264C881AA33C9200875298 /* Build configuration list for PBXNativeTarget "myProjet" */ = {
			isa = XCConfigurationList;
			buildConfigurations = (
				4B264C891AA33C9200875298 /* Debug */,
				4B264C8A1AA33C9200875298 /* Release */,
			);
			defaultConfigurationIsVisible = 0;
		};
/* End XCConfigurationList section */
	};
	rootObject = 4B264C6E1AA33C9200875298 /* Project object */;
}
